
Microsoft Visual Studio Solution File, Format Version 12.00
# Visual Studio Version 16
VisualStudioVersion = 16.0.29911.84
MinimumVisualStudioVersion = 10.0.40219.1
Project("{FAE04EC0-301F-11D3-BF4B-00C04F79EFBC}") = "CdsProxyGenerator", "CdsProxyGenerator\CdsProxyGenerator.csproj", "{43242886-B758-48F0-836D-3F5F444A7D4B}"
EndProject
Project("{FAE04EC0-301F-11D3-BF4B-00C04F79EFBC}") = "ProxyBuilderCmd", "ProxyBuilderCmd\ProxyBuilderCmd.csproj", "{74E9C077-4D90-4F9D-8CE9-06C4996127A7}"
EndProject
Project("{2150E333-8FDC-42A3-9474-1A3956D46DE8}") = "T4Templates", "T4Templates", "{49EC4FA1-B25F-4F96-BCB8-444C18CB9134}"
	ProjectSection(SolutionItems) = preProject
		T4Templates\CdsProxy.tt = T4Templates\CdsProxy.tt
		T4Templates\MinimalCdsProxy.tt = T4Templates\MinimalCdsProxy.tt
		T4Templates\ProxyTemplate.tt = T4Templates\ProxyTemplate.tt
		T4Templates\Template - Copy.tt = T4Templates\Template - Copy.tt
	EndProjectSection
EndProject
Project("{2150E333-8FDC-42A3-9474-1A3956D46DE8}") = "docs", "docs", "{70F76F11-EACC-42ED-9D55-16AF760CF3A0}"
	ProjectSection(SolutionItems) = preProject
		docs\ReadMe.md = docs\ReadMe.md
	EndProjectSection
EndProject
Project("{2150E333-8FDC-42A3-9474-1A3956D46DE8}") = "Package", "Package", "{17B57C4A-8A1E-4631-B6BB-831B28E90F55}"
	ProjectSection(SolutionItems) = preProject
		Package\proxies.json = Package\proxies.json
		Package\proxybuilder.bat = Package\proxybuilder.bat
		Package\ProxyTemplate.t4 = Package\ProxyTemplate.t4
	EndProjectSection
EndProject
Global
	GlobalSection(SolutionConfigurationPlatforms) = preSolution
		Debug|Any CPU = Debug|Any CPU
		Release|Any CPU = Release|Any CPU
	EndGlobalSection
	GlobalSection(ProjectConfigurationPlatforms) = postSolution
		{43242886-B758-48F0-836D-3F5F444A7D4B}.Debug|Any CPU.ActiveCfg = Debug|Any CPU
		{43242886-B758-48F0-836D-3F5F444A7D4B}.Debug|Any CPU.Build.0 = Debug|Any CPU
		{43242886-B758-48F0-836D-3F5F444A7D4B}.Release|Any CPU.ActiveCfg = Release|Any CPU
		{43242886-B758-48F0-836D-3F5F444A7D4B}.Release|Any CPU.Build.0 = Release|Any CPU
		{74E9C077-4D90-4F9D-8CE9-06C4996127A7}.Debug|Any CPU.ActiveCfg = Debug|Any CPU
		{74E9C077-4D90-4F9D-8CE9-06C4996127A7}.Debug|Any CPU.Build.0 = Debug|Any CPU
		{74E9C077-4D90-4F9D-8CE9-06C4996127A7}.Release|Any CPU.ActiveCfg = Release|Any CPU
		{74E9C077-4D90-4F9D-8CE9-06C4996127A7}.Release|Any CPU.Build.0 = Release|Any CPU
	EndGlobalSection
	GlobalSection(SolutionProperties) = preSolution
		HideSolutionNode = FALSE
	EndGlobalSection
	GlobalSection(ExtensibilityGlobals) = postSolution
		SolutionGuid = {547B37C1-79CF-4217-A2DF-A2C2122D3EA2}
	EndGlobalSection
EndGlobal
